
Microsoft Visual Studio Solution File, Format Version 12.00
# Visual Studio Version 17
VisualStudioVersion = 17.10.35013.160
MinimumVisualStudioVersion = 10.0.40219.1
Project("{FAE04EC0-301F-11D3-BF4B-00C04F79EFBC}") = "CuentasPorCobrar", "CuentasPorCobrar\CuentasPorCobrar.csproj", "{8C434437-3558-4647-9681-4DD07FB979A1}"
EndProject
Global
	GlobalSection(SolutionConfigurationPlatforms) = preSolution
		Debug|Any CPU = Debug|Any CPU
		Release|Any CPU = Release|Any CPU
	EndGlobalSection
	GlobalSection(ProjectConfigurationPlatforms) = postSolution
		{8C434437-3558-4647-9681-4DD07FB979A1}.Debug|Any CPU.ActiveCfg = Debug|Any CPU
		{8C434437-3558-4647-9681-4DD07FB979A1}.Debug|Any CPU.Build.0 = Debug|Any CPU
		{8C434437-3558-4647-9681-4DD07FB979A1}.Release|Any CPU.ActiveCfg = Release|Any CPU
		{8C434437-3558-4647-9681-4DD07FB979A1}.Release|Any CPU.Build.0 = Release|Any CPU
	EndGlobalSection
	GlobalSection(SolutionProperties) = preSolution
		HideSolutionNode = FALSE
	EndGlobalSection
	GlobalSection(ExtensibilityGlobals) = postSolution
		SolutionGuid = {C0599C31-D829-46EB-A136-F6B67E35054C}
	EndGlobalSection
EndGlobal
